
Microsoft Visual Studio Solution File, Format Version 12.00
# Visual Studio Version 17
VisualStudioVersion = 17.7.34024.191
MinimumVisualStudioVersion = 10.0.40219.1
Project("{FAE04EC0-301F-11D3-BF4B-00C04F79EFBC}") = "Asd_laba_7", "Asd_laba_7.csproj", "{4595C2D8-1540-463D-AAC7-3A51E3D6CC3B}"
EndProject
Global
	GlobalSection(SolutionConfigurationPlatforms) = preSolution
		Debug|Any CPU = Debug|Any CPU
		Release|Any CPU = Release|Any CPU
	EndGlobalSection
	GlobalSection(ProjectConfigurationPlatforms) = postSolution
		{4595C2D8-1540-463D-AAC7-3A51E3D6CC3B}.Debug|Any CPU.ActiveCfg = Debug|Any CPU
		{4595C2D8-1540-463D-AAC7-3A51E3D6CC3B}.Debug|Any CPU.Build.0 = Debug|Any CPU
		{4595C2D8-1540-463D-AAC7-3A51E3D6CC3B}.Release|Any CPU.ActiveCfg = Release|Any CPU
		{4595C2D8-1540-463D-AAC7-3A51E3D6CC3B}.Release|Any CPU.Build.0 = Release|Any CPU
	EndGlobalSection
	GlobalSection(SolutionProperties) = preSolution
		HideSolutionNode = FALSE
	EndGlobalSection
	GlobalSection(ExtensibilityGlobals) = postSolution
		SolutionGuid = {753BBF09-579A-4DB8-BB45-C333A79307FB}
	EndGlobalSection
EndGlobal
